
Microsoft Visual Studio Solution File, Format Version 12.00
# Visual Studio 15
VisualStudioVersion = 15.0.28307.705
MinimumVisualStudioVersion = 10.0.40219.1
Project("{FAE04EC0-301F-11D3-BF4B-00C04F79EFBC}") = "schoolWork0625_2", "schoolWork0625_2\schoolWork0625_2.csproj", "{94048D82-01E9-4BE0-B7CF-1A59CB9D2241}"
EndProject
Global
	GlobalSection(SolutionConfigurationPlatforms) = preSolution
		Debug|Any CPU = Debug|Any CPU
		Release|Any CPU = Release|Any CPU
	EndGlobalSection
	GlobalSection(ProjectConfigurationPlatforms) = postSolution
		{94048D82-01E9-4BE0-B7CF-1A59CB9D2241}.Debug|Any CPU.ActiveCfg = Debug|Any CPU
		{94048D82-01E9-4BE0-B7CF-1A59CB9D2241}.Debug|Any CPU.Build.0 = Debug|Any CPU
		{94048D82-01E9-4BE0-B7CF-1A59CB9D2241}.Release|Any CPU.ActiveCfg = Release|Any CPU
		{94048D82-01E9-4BE0-B7CF-1A59CB9D2241}.Release|Any CPU.Build.0 = Release|Any CPU
	EndGlobalSection
	GlobalSection(SolutionProperties) = preSolution
		HideSolutionNode = FALSE
	EndGlobalSection
	GlobalSection(ExtensibilityGlobals) = postSolution
		SolutionGuid = {B5FD411C-7A58-47F5-80C2-626FC86016C7}
	EndGlobalSection
EndGlobal
